
Microsoft Visual Studio Solution File, Format Version 12.00
# Visual Studio 15
VisualStudioVersion = 15.0.26430.14
MinimumVisualStudioVersion = 10.0.40219.1
Project("{FAE04EC0-301F-11D3-BF4B-00C04F79EFBC}") = "MBran.Core", "MBran.Core.csproj", "{AFA66286-2647-433E-9862-2E4FE98F659B}"
EndProject
Global
	GlobalSection(SolutionConfigurationPlatforms) = preSolution
		Debug|Any CPU = Debug|Any CPU
		Release|Any CPU = Release|Any CPU
	EndGlobalSection
	GlobalSection(ProjectConfigurationPlatforms) = postSolution
		{AFA66286-2647-433E-9862-2E4FE98F659B}.Debug|Any CPU.ActiveCfg = Debug|Any CPU
		{AFA66286-2647-433E-9862-2E4FE98F659B}.Debug|Any CPU.Build.0 = Debug|Any CPU
		{AFA66286-2647-433E-9862-2E4FE98F659B}.Release|Any CPU.ActiveCfg = Release|Any CPU
		{AFA66286-2647-433E-9862-2E4FE98F659B}.Release|Any CPU.Build.0 = Release|Any CPU
	EndGlobalSection
	GlobalSection(SolutionProperties) = preSolution
		HideSolutionNode = FALSE
	EndGlobalSection
EndGlobal
